// !$*UTF8*$!
{
	archiveVersion = 1;
	classes = {
	};
	objectVersion = 56;
	objects = {

/* Begin PBXBuildFile section */
		1D710F782ADE0B9900834635 /* Tips_CalculatorApp.swift in Sources */ = {isa = PBXBuildFile; fileRef = 1D710F772ADE0B9900834635 /* Tips_CalculatorApp.swift */; };
		1D710F7A2ADE0B9900834635 /* ContentView.swift in Sources */ = {isa = PBXBuildFile; fileRef = 1D710F792ADE0B9900834635 /* ContentView.swift */; };
		1D710F7C2ADE0B9C00834635 /* Assets.xcassets in Resources */ = {isa = PBXBuildFile; fileRef = 1D710F7B2ADE0B9C00834635 /* Assets.xcassets */; };
		1D710F7F2ADE0B9C00834635 /* Preview Assets.xcassets in Resources */ = {isa = PBXBuildFile; fileRef = 1D710F7E2ADE0B9C00834635 /* Preview Assets.xcassets */; };
		1D710F892ADE0B9C00834635 /* Tips_CalculatorTests.swift in Sources */ = {isa = PBXBuildFile; fileRef = 1D710F882ADE0B9C00834635 /* Tips_CalculatorTests.swift */; };
		1D710F932ADE0B9C00834635 /* Tips_CalculatorUITests.swift in Sources */ = {isa = PBXBuildFile; fileRef = 1D710F922ADE0B9C00834635 /* Tips_CalculatorUITests.swift */; };
		1D710F952ADE0B9C00834635 /* Tips_CalculatorUITestsLaunchTests.swift in Sources */ = {isa = PBXBuildFile; fileRef = 1D710F942ADE0B9C00834635 /* Tips_CalculatorUITestsLaunchTests.swift */; };
		1D710FA22ADE10B000834635 /* CalculationTests.swift in Sources */ = {isa = PBXBuildFile; fileRef = 1D710FA12ADE10B000834635 /* CalculationTests.swift */; };
/* End PBXBuildFile section */

/* Begin PBXContainerItemProxy section */
		1D710F852ADE0B9C00834635 /* PBXContainerItemProxy */ = {
			isa = PBXContainerItemProxy;
			containerPortal = 1D710F6C2ADE0B9900834635 /* Project object */;
			proxyType = 1;
			remoteGlobalIDString = 1D710F732ADE0B9900834635;
			remoteInfo = "Tips Calculator";
		};
		1D710F8F2ADE0B9C00834635 /* PBXContainerItemProxy */ = {
			isa = PBXContainerItemProxy;
			containerPortal = 1D710F6C2ADE0B9900834635 /* Project object */;
			proxyType = 1;
			remoteGlobalIDString = 1D710F732ADE0B9900834635;
			remoteInfo = "Tips Calculator";
		};
/* End PBXContainerItemProxy section */

/* Begin PBXFileReference section */
		1D710F742ADE0B9900834635 /* Tips Calculator.app */ = {isa = PBXFileReference; explicitFileType = wrapper.application; includeInIndex = 0; path = "Tips Calculator.app"; sourceTree = BUILT_PRODUCTS_DIR; };
		1D710F772ADE0B9900834635 /* Tips_CalculatorApp.swift */ = {isa = PBXFileReference; lastKnownFileType = sourcecode.swift; path = Tips_CalculatorApp.swift; sourceTree = "<group>"; };
		1D710F792ADE0B9900834635 /* ContentView.swift */ = {isa = PBXFileReference; lastKnownFileType = sourcecode.swift; path = ContentView.swift; sourceTree = "<group>"; };
		1D710F7B2ADE0B9C00834635 /* Assets.xcassets */ = {isa = PBXFileReference; lastKnownFileType = folder.assetcatalog; path = Assets.xcassets; sourceTree = "<group>"; };
		1D710F7E2ADE0B9C00834635 /* Preview Assets.xcassets */ = {isa = PBXFileReference; lastKnownFileType = folder.assetcatalog; path = "Preview Assets.xcassets"; sourceTree = "<group>"; };
		1D710F842ADE0B9C00834635 /* Tips CalculatorTests.xctest */ = {isa = PBXFileReference; explicitFileType = wrapper.cfbundle; includeInIndex = 0; path = "Tips CalculatorTests.xctest"; sourceTree = BUILT_PRODUCTS_DIR; };
		1D710F882ADE0B9C00834635 /* Tips_CalculatorTests.swift */ = {isa = PBXFileReference; lastKnownFileType = sourcecode.swift; path = Tips_CalculatorTests.swift; sourceTree = "<group>"; };
		1D710F8E2ADE0B9C00834635 /* Tips CalculatorUITests.xctest */ = {isa = PBXFileReference; explicitFileType = wrapper.cfbundle; includeInIndex = 0; path = "Tips CalculatorUITests.xctest"; sourceTree = BUILT_PRODUCTS_DIR; };
		1D710F922ADE0B9C00834635 /* Tips_CalculatorUITests.swift */ = {isa = PBXFileReference; lastKnownFileType = sourcecode.swift; path = Tips_CalculatorUITests.swift; sourceTree = "<group>"; };
		1D710F942ADE0B9C00834635 /* Tips_CalculatorUITestsLaunchTests.swift */ = {isa = PBXFileReference; lastKnownFileType = sourcecode.swift; path = Tips_CalculatorUITestsLaunchTests.swift; sourceTree = "<group>"; };
		1D710FA12ADE10B000834635 /* CalculationTests.swift */ = {isa = PBXFileReference; lastKnownFileType = sourcecode.swift; path = CalculationTests.swift; sourceTree = "<group>"; };
/* End PBXFileReference section */

/* Begin PBXFrameworksBuildPhase section */
		1D710F712ADE0B9900834635 /* Frameworks */ = {
			isa = PBXFrameworksBuildPhase;
			buildActionMask = 2147483647;
			files = (
			);
			runOnlyForDeploymentPostprocessing = 0;
		};
		1D710F812ADE0B9C00834635 /* Frameworks */ = {
			isa = PBXFrameworksBuildPhase;
			buildActionMask = 2147483647;
			files = (
			);
			runOnlyForDeploymentPostprocessing = 0;
		};
		1D710F8B2ADE0B9C00834635 /* Frameworks */ = {
			isa = PBXFrameworksBuildPhase;
			buildActionMask = 2147483647;
			files = (
			);
			runOnlyForDeploymentPostprocessing = 0;
		};
/* End PBXFrameworksBuildPhase section */

/* Begin PBXGroup section */
		1D710F6B2ADE0B9900834635 = {
			isa = PBXGroup;
			children = (
				1D710F762ADE0B9900834635 /* Tips Calculator */,
				1D710F872ADE0B9C00834635 /* Tips CalculatorTests */,
				1D710F912ADE0B9C00834635 /* Tips CalculatorUITests */,
				1D710F752ADE0B9900834635 /* Products */,
			);
			sourceTree = "<group>";
		};
		1D710F752ADE0B9900834635 /* Products */ = {
			isa = PBXGroup;
			children = (
				1D710F742ADE0B9900834635 /* Tips Calculator.app */,
				1D710F842ADE0B9C00834635 /* Tips CalculatorTests.xctest */,
				1D710F8E2ADE0B9C00834635 /* Tips CalculatorUITests.xctest */,
			);
			name = Products;
			sourceTree = "<group>";
		};
		1D710F762ADE0B9900834635 /* Tips Calculator */ = {
			isa = PBXGroup;
			children = (
				1D710F772ADE0B9900834635 /* Tips_CalculatorApp.swift */,
				1D710F792ADE0B9900834635 /* ContentView.swift */,
				1D710F7B2ADE0B9C00834635 /* Assets.xcassets */,
				1D710F7D2ADE0B9C00834635 /* Preview Content */,
			);
			path = "Tips Calculator";
			sourceTree = "<group>";
		};
		1D710F7D2ADE0B9C00834635 /* Preview Content */ = {
			isa = PBXGroup;
			children = (
				1D710F7E2ADE0B9C00834635 /* Preview Assets.xcassets */,
			);
			path = "Preview Content";
			sourceTree = "<group>";
		};
		1D710F872ADE0B9C00834635 /* Tips CalculatorTests */ = {
			isa = PBXGroup;
			children = (
				1D710F882ADE0B9C00834635 /* Tips_CalculatorTests.swift */,
				1D710FA12ADE10B000834635 /* CalculationTests.swift */,
			);
			path = "Tips CalculatorTests";
			sourceTree = "<group>";
		};
		1D710F912ADE0B9C00834635 /* Tips CalculatorUITests */ = {
			isa = PBXGroup;
			children = (
				1D710F922ADE0B9C00834635 /* Tips_CalculatorUITests.swift */,
				1D710F942ADE0B9C00834635 /* Tips_CalculatorUITestsLaunchTests.swift */,
			);
			path = "Tips CalculatorUITests";
			sourceTree = "<group>";
		};
/* End PBXGroup section */

/* Begin PBXNativeTarget section */
		1D710F732ADE0B9900834635 /* Tips Calculator */ = {
			isa = PBXNativeTarget;
			buildConfigurationList = 1D710F982ADE0B9C00834635 /* Build configuration list for PBXNativeTarget "Tips Calculator" */;
			buildPhases = (
				1D710F702ADE0B9900834635 /* Sources */,
				1D710F712ADE0B9900834635 /* Frameworks */,
				1D710F722ADE0B9900834635 /* Resources */,
			);
			buildRules = (
			);
			dependencies = (
			);
			name = "Tips Calculator";
			productName = "Tips Calculator";
			productReference = 1D710F742ADE0B9900834635 /* Tips Calculator.app */;
			productType = "com.apple.product-type.application";
		};
		1D710F832ADE0B9C00834635 /* Tips CalculatorTests */ = {
			isa = PBXNativeTarget;
			buildConfigurationList = 1D710F9B2ADE0B9C00834635 /* Build configuration list for PBXNativeTarget "Tips CalculatorTests" */;
			buildPhases = (
				1D710F802ADE0B9C00834635 /* Sources */,
				1D710F812ADE0B9C00834635 /* Frameworks */,
				1D710F822ADE0B9C00834635 /* Resources */,
			);
			buildRules = (
			);
			dependencies = (
				1D710F862ADE0B9C00834635 /* PBXTargetDependency */,
			);
			name = "Tips CalculatorTests";
			productName = "Tips CalculatorTests";
			productReference = 1D710F842ADE0B9C00834635 /* Tips CalculatorTests.xctest */;
			productType = "com.apple.product-type.bundle.unit-test";
		};
		1D710F8D2ADE0B9C00834635 /* Tips CalculatorUITests */ = {
			isa = PBXNativeTarget;
			buildConfigurationList = 1D710F9E2ADE0B9C00834635 /* Build configuration list for PBXNativeTarget "Tips CalculatorUITests" */;
			buildPhases = (
				1D710F8A2ADE0B9C00834635 /* Sources */,
				1D710F8B2ADE0B9C00834635 /* Frameworks */,
				1D710F8C2ADE0B9C00834635 /* Resources */,
			);
			buildRules = (
			);
			dependencies = (
				1D710F902ADE0B9C00834635 /* PBXTargetDependency */,
			);
			name = "Tips CalculatorUITests";
			productName = "Tips CalculatorUITests";
			productReference = 1D710F8E2ADE0B9C00834635 /* Tips CalculatorUITests.xctest */;
			productType = "com.apple.product-type.bundle.ui-testing";
		};
/* End PBXNativeTarget section */

/* Begin PBXProject section */
		1D710F6C2ADE0B9900834635 /* Project object */ = {
			isa = PBXProject;
			attributes = {
				BuildIndependentTargetsInParallel = 1;
				LastSwiftUpdateCheck = 1500;
				LastUpgradeCheck = 1500;
				TargetAttributes = {
					1D710F732ADE0B9900834635 = {
						CreatedOnToolsVersion = 15.0;
					};
					1D710F832ADE0B9C00834635 = {
						CreatedOnToolsVersion = 15.0;
						TestTargetID = 1D710F732ADE0B9900834635;
					};
					1D710F8D2ADE0B9C00834635 = {
						CreatedOnToolsVersion = 15.0;
						TestTargetID = 1D710F732ADE0B9900834635;
					};
				};
			};
			buildConfigurationList = 1D710F6F2ADE0B9900834635 /* Build configuration list for PBXProject "Tips Calculator" */;
			compatibilityVersion = "Xcode 14.0";
			developmentRegion = en;
			hasScannedForEncodings = 0;
			knownRegions = (
				en,
				Base,
			);
			mainGroup = 1D710F6B2ADE0B9900834635;
			productRefGroup = 1D710F752ADE0B9900834635 /* Products */;
			projectDirPath = "";
			projectRoot = "";
			targets = (
				1D710F732ADE0B9900834635 /* Tips Calculator */,
				1D710F832ADE0B9C00834635 /* Tips CalculatorTests */,
				1D710F8D2ADE0B9C00834635 /* Tips CalculatorUITests */,
			);
		};
/* End PBXProject section */

/* Begin PBXResourcesBuildPhase section */
		1D710F722ADE0B9900834635 /* Resources */ = {
			isa = PBXResourcesBuildPhase;
			buildActionMask = 2147483647;
			files = (
				1D710F7F2ADE0B9C00834635 /* Preview Assets.xcassets in Resources */,
				1D710F7C2ADE0B9C00834635 /* Assets.xcassets in Resources */,
			);
			runOnlyForDeploymentPostprocessing = 0;
		};
		1D710F822ADE0B9C00834635 /* Resources */ = {
			isa = PBXResourcesBuildPhase;
			buildActionMask = 2147483647;
			files = (
			);
			runOnlyForDeploymentPostprocessing = 0;
		};
		1D710F8C2ADE0B9C00834635 /* Resources */ = {
			isa = PBXResourcesBuildPhase;
			buildActionMask = 2147483647;
			files = (
			);
			runOnlyForDeploymentPostprocessing = 0;
		};
/* End PBXResourcesBuildPhase section */

/* Begin PBXSourcesBuildPhase section */
		1D710F702ADE0B9900834635 /* Sources */ = {
			isa = PBXSourcesBuildPhase;
			buildActionMask = 2147483647;
			files = (
				1D710F7A2ADE0B9900834635 /* ContentView.swift in Sources */,
				1D710F782ADE0B9900834635 /* Tips_CalculatorApp.swift in Sources */,
			);
			runOnlyForDeploymentPostprocessing = 0;
		};
		1D710F802ADE0B9C00834635 /* Sources */ = {
			isa = PBXSourcesBuildPhase;
			buildActionMask = 2147483647;
			files = (
				1D710F892ADE0B9C00834635 /* Tips_CalculatorTests.swift in Sources */,
				1D710FA22ADE10B000834635 /* CalculationTests.swift in Sources */,
			);
			runOnlyForDeploymentPostprocessing = 0;
		};
		1D710F8A2ADE0B9C00834635 /* Sources */ = {
			isa = PBXSourcesBuildPhase;
			buildActionMask = 2147483647;
			files = (
				1D710F952ADE0B9C00834635 /* Tips_CalculatorUITestsLaunchTests.swift in Sources */,
				1D710F932ADE0B9C00834635 /* Tips_CalculatorUITests.swift in Sources */,
			);
			runOnlyForDeploymentPostprocessing = 0;
		};
/* End PBXSourcesBuildPhase section */

/* Begin PBXTargetDependency section */
		1D710F862ADE0B9C00834635 /* PBXTargetDependency */ = {
			isa = PBXTargetDependency;
			target = 1D710F732ADE0B9900834635 /* Tips Calculator */;
			targetProxy = 1D710F852ADE0B9C00834635 /* PBXContainerItemProxy */;
		};
		1D710F902ADE0B9C00834635 /* PBXTargetDependency */ = {
			isa = PBXTargetDependency;
			target = 1D710F732ADE0B9900834635 /* Tips Calculator */;
			targetProxy = 1D710F8F2ADE0B9C00834635 /* PBXContainerItemProxy */;
		};
/* End PBXTargetDependency section */

/* Begin XCBuildConfiguration section */
		1D710F962ADE0B9C00834635 /* Debug */ = {
			isa = XCBuildConfiguration;
			buildSettings = {
				ALWAYS_SEARCH_USER_PATHS = NO;
				ASSETCATALOG_COMPILER_GENERATE_SWIFT_ASSET_SYMBOL_EXTENSIONS = YES;
				CLANG_ANALYZER_NONNULL = YES;
				CLANG_ANALYZER_NUMBER_OBJECT_CONVERSION = YES_AGGRESSIVE;
				CLANG_CXX_LANGUAGE_STANDARD = "gnu++20";
				CLANG_ENABLE_MODULES = YES;
				CLANG_ENABLE_OBJC_ARC = YES;
				CLANG_ENABLE_OBJC_WEAK = YES;
				CLANG_WARN_BLOCK_CAPTURE_AUTORELEASING = YES;
				CLANG_WARN_BOOL_CONVERSION = YES;
				CLANG_WARN_COMMA = YES;
				CLANG_WARN_CONSTANT_CONVERSION = YES;
				CLANG_WARN_DEPRECATED_OBJC_IMPLEMENTATIONS = YES;
				CLANG_WARN_DIRECT_OBJC_ISA_USAGE = YES_ERROR;
				CLANG_WARN_DOCUMENTATION_COMMENTS = YES;
				CLANG_WARN_EMPTY_BODY = YES;
				CLANG_WARN_ENUM_CONVERSION = YES;
				CLANG_WARN_INFINITE_RECURSION = YES;
				CLANG_WARN_INT_CONVERSION = YES;
				CLANG_WARN_NON_LITERAL_NULL_CONVERSION = YES;
				CLANG_WARN_OBJC_IMPLICIT_RETAIN_SELF = YES;
				CLANG_WARN_OBJC_LITERAL_CONVERSION = YES;
				CLANG_WARN_OBJC_ROOT_CLASS = YES_ERROR;
				CLANG_WARN_QUOTED_INCLUDE_IN_FRAMEWORK_HEADER = YES;
				CLANG_WARN_RANGE_LOOP_ANALYSIS = YES;
				CLANG_WARN_STRICT_PROTOTYPES = YES;
				CLANG_WARN_SUSPICIOUS_MOVE = YES;
				CLANG_WARN_UNGUARDED_AVAILABILITY = YES_AGGRESSIVE;
				CLANG_WARN_UNREACHABLE_CODE = YES;
				CLANG_WARN__DUPLICATE_METHOD_MATCH = YES;
				COPY_PHASE_STRIP = NO;
				DEBUG_INFORMATION_FORMAT = dwarf;
				ENABLE_STRICT_OBJC_MSGSEND = YES;
				ENABLE_TESTABILITY = YES;
				ENABLE_USER_SCRIPT_SANDBOXING = YES;
				GCC_C_LANGUAGE_STANDARD = gnu17;
				GCC_DYNAMIC_NO_PIC = NO;
				GCC_NO_COMMON_BLOCKS = YES;
				GCC_OPTIMIZATION_LEVEL = 0;
				GCC_PREPROCESSOR_DEFINITIONS = (
					"DEBUG=1",
					"$(inherited)",
				);
				GCC_WARN_64_TO_32_BIT_CONVERSION = YES;
				GCC_WARN_ABOUT_RETURN_TYPE = YES_ERROR;
				GCC_WARN_UNDECLARED_SELECTOR = YES;
				GCC_WARN_UNINITIALIZED_AUTOS = YES_AGGRESSIVE;
				GCC_WARN_UNUSED_FUNCTION = YES;
				GCC_WARN_UNUSED_VARIABLE = YES;
				IPHONEOS_DEPLOYMENT_TARGET = 17.0;
				LOCALIZATION_PREFERS_STRING_CATALOGS = YES;
				MTL_ENABLE_DEBUG_INFO = INCLUDE_SOURCE;
				MTL_FAST_MATH = YES;
				ONLY_ACTIVE_ARCH = YES;
				SDKROOT = iphoneos;
				SWIFT_ACTIVE_COMPILATION_CONDITIONS = "DEBUG $(inherited)";
				SWIFT_OPTIMIZATION_LEVEL = "-Onone";
			};
			name = Debug;
		};
		1D710F972ADE0B9C00834635 /* Release */ = {
			isa = XCBuildConfiguration;
			buildSettings = {
				ALWAYS_SEARCH_USER_PATHS = NO;
				ASSETCATALOG_COMPILER_GENERATE_SWIFT_ASSET_SYMBOL_EXTENSIONS = YES;
				CLANG_ANALYZER_NONNULL = YES;
				CLANG_ANALYZER_NUMBER_OBJECT_CONVERSION = YES_AGGRESSIVE;
				CLANG_CXX_LANGUAGE_STANDARD = "gnu++20";
				CLANG_ENABLE_MODULES = YES;
				CLANG_ENABLE_OBJC_ARC = YES;
				CLANG_ENABLE_OBJC_WEAK = YES;
				CLANG_WARN_BLOCK_CAPTURE_AUTORELEASING = YES;
				CLANG_WARN_BOOL_CONVERSION = YES;
				CLANG_WARN_COMMA = YES;
				CLANG_WARN_CONSTANT_CONVERSION = YES;
				CLANG_WARN_DEPRECATED_OBJC_IMPLEMENTATIONS = YES;
				CLANG_WARN_DIRECT_OBJC_ISA_USAGE = YES_ERROR;
				CLANG_WARN_DOCUMENTATION_COMMENTS = YES;
				CLANG_WARN_EMPTY_BODY = YES;
				CLANG_WARN_ENUM_CONVERSION = YES;
				CLANG_WARN_INFINITE_RECURSION = YES;
				CLANG_WARN_INT_CONVERSION = YES;
				CLANG_WARN_NON_LITERAL_NULL_CONVERSION = YES;
				CLANG_WARN_OBJC_IMPLICIT_RETAIN_SELF = YES;
				CLANG_WARN_OBJC_LITERAL_CONVERSION = YES;
				CLANG_WARN_OBJC_ROOT_CLASS = YES_ERROR;
				CLANG_WARN_QUOTED_INCLUDE_IN_FRAMEWORK_HEADER = YES;
				CLANG_WARN_RANGE_LOOP_ANALYSIS = YES;
				CLANG_WARN_STRICT_PROTOTYPES = YES;
				CLANG_WARN_SUSPICIOUS_MOVE = YES;
				CLANG_WARN_UNGUARDED_AVAILABILITY = YES_AGGRESSIVE;
				CLANG_WARN_UNREACHABLE_CODE = YES;
				CLANG_WARN__DUPLICATE_METHOD_MATCH = YES;
				COPY_PHASE_STRIP = NO;
				DEBUG_INFORMATION_FORMAT = "dwarf-with-dsym";
				ENABLE_NS_ASSERTIONS = NO;
				ENABLE_STRICT_OBJC_MSGSEND = YES;
				ENABLE_USER_SCRIPT_SANDBOXING = YES;
				GCC_C_LANGUAGE_STANDARD = gnu17;
				GCC_NO_COMMON_BLOCKS = YES;
				GCC_WARN_64_TO_32_BIT_CONVERSION = YES;
				GCC_WARN_ABOUT_RETURN_TYPE = YES_ERROR;
				GCC_WARN_UNDECLARED_SELECTOR = YES;
				GCC_WARN_UNINITIALIZED_AUTOS = YES_AGGRESSIVE;
				GCC_WARN_UNUSED_FUNCTION = YES;
				GCC_WARN_UNUSED_VARIABLE = YES;
				IPHONEOS_DEPLOYMENT_TARGET = 17.0;
				LOCALIZATION_PREFERS_STRING_CATALOGS = YES;
				MTL_ENABLE_DEBUG_INFO = NO;
				MTL_FAST_MATH = YES;
				SDKROOT = iphoneos;
				SWIFT_COMPILATION_MODE = wholemodule;
				VALIDATE_PRODUCT = YES;
			};
			name = Release;
		};
		1D710F992ADE0B9C00834635 /* Debug */ = {
			isa = XCBuildConfiguration;
			buildSettings = {
				ASSETCATALOG_COMPILER_APPICON_NAME = AppIcon;
				ASSETCATALOG_COMPILER_GLOBAL_ACCENT_COLOR_NAME = AccentColor;
				CODE_SIGN_STYLE = Automatic;
				CURRENT_PROJECT_VERSION = 1;
				DEVELOPMENT_ASSET_PATHS = "\"Tips Calculator/Preview Content\"";
				DEVELOPMENT_TEAM = N359L3MT2V;
				ENABLE_PREVIEWS = YES;
				GENERATE_INFOPLIST_FILE = YES;
				INFOPLIST_KEY_UIApplicationSceneManifest_Generation = YES;
				INFOPLIST_KEY_UIApplicationSupportsIndirectInputEvents = YES;
				INFOPLIST_KEY_UILaunchScreen_Generation = YES;
				INFOPLIST_KEY_UISupportedInterfaceOrientations_iPad = "UIInterfaceOrientationPortrait UIInterfaceOrientationPortraitUpsideDown UIInterfaceOrientationLandscapeLeft UIInterfaceOrientationLandscapeRight";
				INFOPLIST_KEY_UISupportedInterfaceOrientations_iPhone = "UIInterfaceOrientationPortrait UIInterfaceOrientationLandscapeLeft UIInterfaceOrientationLandscapeRight";
				LD_RUNPATH_SEARCH_PATHS = (
					"$(inherited)",
					"@executable_path/Frameworks",
				);
				MARKETING_VERSION = 1.0;
				PRODUCT_BUNDLE_IDENTIFIER = "com.soiferman.Tips-Calculator";
				PRODUCT_NAME = "$(TARGET_NAME)";
				SWIFT_EMIT_LOC_STRINGS = YES;
				SWIFT_VERSION = 5.0;
				TARGETED_DEVICE_FAMILY = "1,2";
			};
			name = Debug;
		};
		1D710F9A2ADE0B9C00834635 /* Release */ = {
			isa = XCBuildConfiguration;
			buildSettings = {
				ASSETCATALOG_COMPILER_APPICON_NAME = AppIcon;
				ASSETCATALOG_COMPILER_GLOBAL_ACCENT_COLOR_NAME = AccentColor;
				CODE_SIGN_STYLE = Automatic;
				CURRENT_PROJECT_VERSION = 1;
				DEVELOPMENT_ASSET_PATHS = "\"Tips Calculator/Preview Content\"";
				DEVELOPMENT_TEAM = N359L3MT2V;
				ENABLE_PREVIEWS = YES;
				GENERATE_INFOPLIST_FILE = YES;
				INFOPLIST_KEY_UIApplicationSceneManifest_Generation = YES;
				INFOPLIST_KEY_UIApplicationSupportsIndirectInputEvents = YES;
				INFOPLIST_KEY_UILaunchScreen_Generation = YES;
				INFOPLIST_KEY_UISupportedInterfaceOrientations_iPad = "UIInterfaceOrientationPortrait UIInterfaceOrientationPortraitUpsideDown UIInterfaceOrientationLandscapeLeft UIInterfaceOrientationLandscapeRight";
				INFOPLIST_KEY_UISupportedInterfaceOrientations_iPhone = "UIInterfaceOrientationPortrait UIInterfaceOrientationLandscapeLeft UIInterfaceOrientationLandscapeRight";
				LD_RUNPATH_SEARCH_PATHS = (
					"$(inherited)",
					"@executable_path/Frameworks",
				);
				MARKETING_VERSION = 1.0;
				PRODUCT_BUNDLE_IDENTIFIER = "com.soiferman.Tips-Calculator";
				PRODUCT_NAME = "$(TARGET_NAME)";
				SWIFT_EMIT_LOC_STRINGS = YES;
				SWIFT_VERSION = 5.0;
				TARGETED_DEVICE_FAMILY = "1,2";
			};
			name = Release;
		};
		1D710F9C2ADE0B9C00834635 /* Debug */ = {
			isa = XCBuildConfiguration;
			buildSettings = {
				ALWAYS_EMBED_SWIFT_STANDARD_LIBRARIES = YES;
				BUNDLE_LOADER = "$(TEST_HOST)";
				CODE_SIGN_STYLE = Automatic;
				CURRENT_PROJECT_VERSION = 1;
				DEVELOPMENT_TEAM = N359L3MT2V;
				GENERATE_INFOPLIST_FILE = YES;
				IPHONEOS_DEPLOYMENT_TARGET = 17.0;
				MARKETING_VERSION = 1.0;
				PRODUCT_BUNDLE_IDENTIFIER = "com.soiferman.Tips-CalculatorTests";
				PRODUCT_NAME = "$(TARGET_NAME)";
				SWIFT_EMIT_LOC_STRINGS = NO;
				SWIFT_VERSION = 5.0;
				TARGETED_DEVICE_FAMILY = "1,2";
				TEST_HOST = "$(BUILT_PRODUCTS_DIR)/Tips Calculator.app/$(BUNDLE_EXECUTABLE_FOLDER_PATH)/Tips Calculator";
			};
			name = Debug;
		};
		1D710F9D2ADE0B9C00834635 /* Release */ = {
			isa = XCBuildConfiguration;
			buildSettings = {
				ALWAYS_EMBED_SWIFT_STANDARD_LIBRARIES = YES;
				BUNDLE_LOADER = "$(TEST_HOST)";
				CODE_SIGN_STYLE = Automatic;
				CURRENT_PROJECT_VERSION = 1;
				DEVELOPMENT_TEAM = N359L3MT2V;
				GENERATE_INFOPLIST_FILE = YES;
				IPHONEOS_DEPLOYMENT_TARGET = 17.0;
				MARKETING_VERSION = 1.0;
				PRODUCT_BUNDLE_IDENTIFIER = "com.soiferman.Tips-CalculatorTests";
				PRODUCT_NAME = "$(TARGET_NAME)";
				SWIFT_EMIT_LOC_STRINGS = NO;
				SWIFT_VERSION = 5.0;
				TARGETED_DEVICE_FAMILY = "1,2";
				TEST_HOST = "$(BUILT_PRODUCTS_DIR)/Tips Calculator.app/$(BUNDLE_EXECUTABLE_FOLDER_PATH)/Tips Calculator";
			};
			name = Release;
		};
		1D710F9F2ADE0B9C00834635 /* Debug */ = {
			isa = XCBuildConfiguration;
			buildSettings = {
				ALWAYS_EMBED_SWIFT_STANDARD_LIBRARIES = YES;
				CODE_SIGN_STYLE = Automatic;
				CURRENT_PROJECT_VERSION = 1;
				DEVELOPMENT_TEAM = N359L3MT2V;
				GENERATE_INFOPLIST_FILE = YES;
				MARKETING_VERSION = 1.0;
				PRODUCT_BUNDLE_IDENTIFIER = "com.soiferman.Tips-CalculatorUITests";
				PRODUCT_NAME = "$(TARGET_NAME)";
				SWIFT_EMIT_LOC_STRINGS = NO;
				SWIFT_VERSION = 5.0;
				TARGETED_DEVICE_FAMILY = "1,2";
				TEST_TARGET_NAME = "Tips Calculator";
			};
			name = Debug;
		};
		1D710FA02ADE0B9C00834635 /* Release */ = {
			isa = XCBuildConfiguration;
			buildSettings = {
				ALWAYS_EMBED_SWIFT_STANDARD_LIBRARIES = YES;
				CODE_SIGN_STYLE = Automatic;
				CURRENT_PROJECT_VERSION = 1;
				DEVELOPMENT_TEAM = N359L3MT2V;
				GENERATE_INFOPLIST_FILE = YES;
				MARKETING_VERSION = 1.0;
				PRODUCT_BUNDLE_IDENTIFIER = "com.soiferman.Tips-CalculatorUITests";
				PRODUCT_NAME = "$(TARGET_NAME)";
				SWIFT_EMIT_LOC_STRINGS = NO;
				SWIFT_VERSION = 5.0;
				TARGETED_DEVICE_FAMILY = "1,2";
				TEST_TARGET_NAME = "Tips Calculator";
			};
			name = Release;
		};
/* End XCBuildConfiguration section */

/* Begin XCConfigurationList section */
		1D710F6F2ADE0B9900834635 /* Build configuration list for PBXProject "Tips Calculator" */ = {
			isa = XCConfigurationList;
			buildConfigurations = (
				1D710F962ADE0B9C00834635 /* Debug */,
				1D710F972ADE0B9C00834635 /* Release */,
			);
			defaultConfigurationIsVisible = 0;
			defaultConfigurationName = Release;
		};
		1D710F982ADE0B9C00834635 /* Build configuration list for PBXNativeTarget "Tips Calculator" */ = {
			isa = XCConfigurationList;
			buildConfigurations = (
				1D710F992ADE0B9C00834635 /* Debug */,
				1D710F9A2ADE0B9C00834635 /* Release */,
			);
			defaultConfigurationIsVisible = 0;
			defaultConfigurationName = Release;
		};
		1D710F9B2ADE0B9C00834635 /* Build configuration list for PBXNativeTarget "Tips CalculatorTests" */ = {
			isa = XCConfigurationList;
			buildConfigurations = (
				1D710F9C2ADE0B9C00834635 /* Debug */,
				1D710F9D2ADE0B9C00834635 /* Release */,
			);
			defaultConfigurationIsVisible = 0;
			defaultConfigurationName = Release;
		};
		1D710F9E2ADE0B9C00834635 /* Build configuration list for PBXNativeTarget "Tips CalculatorUITests" */ = {
			isa = XCConfigurationList;
			buildConfigurations = (
				1D710F9F2ADE0B9C00834635 /* Debug */,
				1D710FA02ADE0B9C00834635 /* Release */,
			);
			defaultConfigurationIsVisible = 0;
			defaultConfigurationName = Release;
		};
/* End XCConfigurationList section */
	};
	rootObject = 1D710F6C2ADE0B9900834635 /* Project object */;
}
